
Microsoft Visual Studio Solution File, Format Version 12.00
# Visual Studio Version 17
VisualStudioVersion = 17.2.32602.215
MinimumVisualStudioVersion = 10.0.40219.1
Project("{9A19103F-16F7-4668-BE54-9A1E7A4F7556}") = "CurrencyDailyUpdate", "CurrencyDailyUpdate\CurrencyDailyUpdate.csproj", "{D8DA8534-50C6-400B-B383-52318089E2D3}"
EndProject
Project("{9A19103F-16F7-4668-BE54-9A1E7A4F7556}") = "DbAccessLibrary", "DbAccessLibrary\DbAccessLibrary.csproj", "{335BAC84-087D-4B4E-A50A-8B4F5791E325}"
EndProject
Project("{FAE04EC0-301F-11D3-BF4B-00C04F79EFBC}") = "CurrencyConsole", "CurrencyConsole\CurrencyConsole.csproj", "{FDB03300-D516-4310-83C2-ADBA04E85481}"
EndProject
Global
	GlobalSection(SolutionConfigurationPlatforms) = preSolution
		Debug|Any CPU = Debug|Any CPU
		Release|Any CPU = Release|Any CPU
	EndGlobalSection
	GlobalSection(ProjectConfigurationPlatforms) = postSolution
		{D8DA8534-50C6-400B-B383-52318089E2D3}.Debug|Any CPU.ActiveCfg = Debug|Any CPU
		{D8DA8534-50C6-400B-B383-52318089E2D3}.Debug|Any CPU.Build.0 = Debug|Any CPU
		{D8DA8534-50C6-400B-B383-52318089E2D3}.Release|Any CPU.ActiveCfg = Release|Any CPU
		{D8DA8534-50C6-400B-B383-52318089E2D3}.Release|Any CPU.Build.0 = Release|Any CPU
		{335BAC84-087D-4B4E-A50A-8B4F5791E325}.Debug|Any CPU.ActiveCfg = Debug|Any CPU
		{335BAC84-087D-4B4E-A50A-8B4F5791E325}.Debug|Any CPU.Build.0 = Debug|Any CPU
		{335BAC84-087D-4B4E-A50A-8B4F5791E325}.Release|Any CPU.ActiveCfg = Release|Any CPU
		{335BAC84-087D-4B4E-A50A-8B4F5791E325}.Release|Any CPU.Build.0 = Release|Any CPU
		{FDB03300-D516-4310-83C2-ADBA04E85481}.Debug|Any CPU.ActiveCfg = Debug|Any CPU
		{FDB03300-D516-4310-83C2-ADBA04E85481}.Debug|Any CPU.Build.0 = Debug|Any CPU
		{FDB03300-D516-4310-83C2-ADBA04E85481}.Release|Any CPU.ActiveCfg = Release|Any CPU
		{FDB03300-D516-4310-83C2-ADBA04E85481}.Release|Any CPU.Build.0 = Release|Any CPU
	EndGlobalSection
	GlobalSection(SolutionProperties) = preSolution
		HideSolutionNode = FALSE
	EndGlobalSection
	GlobalSection(ExtensibilityGlobals) = postSolution
		SolutionGuid = {D48E9358-5EFA-4558-AA9A-1E3EB5D3A37F}
	EndGlobalSection
EndGlobal
